
Microsoft Visual Studio Solution File, Format Version 12.00
# Visual Studio Version 17
VisualStudioVersion = 17.8.34330.188
MinimumVisualStudioVersion = 10.0.40219.1
Project("{9A19103F-16F7-4668-BE54-9A1E7A4F7556}") = "USBTurnOn", "USBTurnOn\USBTurnOn.csproj", "{42A71DB0-DBD2-45E0-A89B-9B4F289CBD0A}"
EndProject
Project("{FAE04EC0-301F-11D3-BF4B-00C04F79EFBC}") = "MyMaui", "MyMaui\MyMaui.csproj", "{7C4FD0C0-F8A5-4E8D-8043-4B95AF7B9316}"
EndProject
Global
	GlobalSection(SolutionConfigurationPlatforms) = preSolution
		Debug|Any CPU = Debug|Any CPU
		Release|Any CPU = Release|Any CPU
	EndGlobalSection
	GlobalSection(ProjectConfigurationPlatforms) = postSolution
		{42A71DB0-DBD2-45E0-A89B-9B4F289CBD0A}.Debug|Any CPU.ActiveCfg = Debug|Any CPU
		{42A71DB0-DBD2-45E0-A89B-9B4F289CBD0A}.Debug|Any CPU.Build.0 = Debug|Any CPU
		{42A71DB0-DBD2-45E0-A89B-9B4F289CBD0A}.Debug|Any CPU.Deploy.0 = Debug|Any CPU
		{42A71DB0-DBD2-45E0-A89B-9B4F289CBD0A}.Release|Any CPU.ActiveCfg = Release|Any CPU
		{42A71DB0-DBD2-45E0-A89B-9B4F289CBD0A}.Release|Any CPU.Build.0 = Release|Any CPU
		{42A71DB0-DBD2-45E0-A89B-9B4F289CBD0A}.Release|Any CPU.Deploy.0 = Release|Any CPU
		{7C4FD0C0-F8A5-4E8D-8043-4B95AF7B9316}.Debug|Any CPU.ActiveCfg = Debug|Any CPU
		{7C4FD0C0-F8A5-4E8D-8043-4B95AF7B9316}.Debug|Any CPU.Build.0 = Debug|Any CPU
		{7C4FD0C0-F8A5-4E8D-8043-4B95AF7B9316}.Debug|Any CPU.Deploy.0 = Debug|Any CPU
		{7C4FD0C0-F8A5-4E8D-8043-4B95AF7B9316}.Release|Any CPU.ActiveCfg = Release|Any CPU
		{7C4FD0C0-F8A5-4E8D-8043-4B95AF7B9316}.Release|Any CPU.Build.0 = Release|Any CPU
		{7C4FD0C0-F8A5-4E8D-8043-4B95AF7B9316}.Release|Any CPU.Deploy.0 = Release|Any CPU
	EndGlobalSection
	GlobalSection(SolutionProperties) = preSolution
		HideSolutionNode = FALSE
	EndGlobalSection
	GlobalSection(ExtensibilityGlobals) = postSolution
		SolutionGuid = {E164E156-5507-4FE2-862D-5787115FC665}
	EndGlobalSection
EndGlobal
